
Microsoft Visual Studio Solution File, Format Version 12.00
# Visual Studio for Mac
Project("{FAE04EC0-301F-11D3-BF4B-00C04F79EFBC}") = "MAC Address Quiz", "MAC Address Quiz.csproj", "{59F709FE-1472-E8FA-42B4-29C013B99E0E}"
EndProject
Project("{FAE04EC0-301F-11D3-BF4B-00C04F79EFBC}") = "MAC Address Quiz.Editor", "MAC Address Quiz.Editor.csproj", "{8E969776-8181-331D-ABFD-69EE1E876023}"
EndProject
Global
	GlobalSection(SolutionConfigurationPlatforms) = preSolution
		Debug|Any CPU = Debug|Any CPU
		Release|Any CPU = Release|Any CPU
	EndGlobalSection
	GlobalSection(ProjectConfigurationPlatforms) = postSolution
		{59F709FE-1472-E8FA-42B4-29C013B99E0E}.Debug|Any CPU.ActiveCfg = Debug|Any CPU
		{59F709FE-1472-E8FA-42B4-29C013B99E0E}.Debug|Any CPU.Build.0 = Debug|Any CPU
		{59F709FE-1472-E8FA-42B4-29C013B99E0E}.Release|Any CPU.ActiveCfg = Release|Any CPU
		{59F709FE-1472-E8FA-42B4-29C013B99E0E}.Release|Any CPU.Build.0 = Release|Any CPU
		{8E969776-8181-331D-ABFD-69EE1E876023}.Debug|Any CPU.ActiveCfg = Debug|Any CPU
		{8E969776-8181-331D-ABFD-69EE1E876023}.Debug|Any CPU.Build.0 = Debug|Any CPU
		{8E969776-8181-331D-ABFD-69EE1E876023}.Release|Any CPU.ActiveCfg = Release|Any CPU
		{8E969776-8181-331D-ABFD-69EE1E876023}.Release|Any CPU.Build.0 = Release|Any CPU
	EndGlobalSection
	GlobalSection(SolutionProperties) = preSolution
		HideSolutionNode = FALSE
	EndGlobalSection
EndGlobal
